
Microsoft Visual Studio Solution File, Format Version 12.00
Project("{2150E333-8FDC-42A3-9474-1A3956D46DE8}") = "src", "src", "{6DB137C0-D352-4AA3-8F48-D54A5BBC39B2}"
EndProject
Project("{FAE04EC0-301F-11D3-BF4B-00C04F79EFBC}") = "Web", "Web.csproj", "{34CD2286-8C5D-4846-9B4D-5A65AE62BD3C}"
EndProject
Project("{FAE04EC0-301F-11D3-BF4B-00C04F79EFBC}") = "Infrastructure", "..\Infrastructure\Infrastructure.csproj", "{7A252E05-ECFF-48CA-B566-2376B7ECFDE9}"
EndProject
Project("{FAE04EC0-301F-11D3-BF4B-00C04F79EFBC}") = "Domain", "..\Domain\Domain.csproj", "{A45407D2-3899-4F38-AB7B-B0532F401AE4}"
EndProject
Project("{FAE04EC0-301F-11D3-BF4B-00C04F79EFBC}") = "Application", "..\Application\Application.csproj", "{A971CB1F-D0A6-4BE0-9850-1AE3F0A7D44B}"
EndProject
Project("{FAE04EC0-301F-11D3-BF4B-00C04F79EFBC}") = "Persistence", "Persistence\Persistence.csproj", "{A2BC455D-1070-41A9-B408-21F7F08BECB5}"
EndProject
Global
	GlobalSection(SolutionConfigurationPlatforms) = preSolution
		Debug|Any CPU = Debug|Any CPU
		Release|Any CPU = Release|Any CPU
	EndGlobalSection
	GlobalSection(ProjectConfigurationPlatforms) = postSolution
		{34CD2286-8C5D-4846-9B4D-5A65AE62BD3C}.Debug|Any CPU.ActiveCfg = Debug|Any CPU
		{34CD2286-8C5D-4846-9B4D-5A65AE62BD3C}.Debug|Any CPU.Build.0 = Debug|Any CPU
		{34CD2286-8C5D-4846-9B4D-5A65AE62BD3C}.Release|Any CPU.ActiveCfg = Release|Any CPU
		{34CD2286-8C5D-4846-9B4D-5A65AE62BD3C}.Release|Any CPU.Build.0 = Release|Any CPU
		{7A252E05-ECFF-48CA-B566-2376B7ECFDE9}.Debug|Any CPU.ActiveCfg = Debug|Any CPU
		{7A252E05-ECFF-48CA-B566-2376B7ECFDE9}.Debug|Any CPU.Build.0 = Debug|Any CPU
		{7A252E05-ECFF-48CA-B566-2376B7ECFDE9}.Release|Any CPU.ActiveCfg = Release|Any CPU
		{7A252E05-ECFF-48CA-B566-2376B7ECFDE9}.Release|Any CPU.Build.0 = Release|Any CPU
		{A45407D2-3899-4F38-AB7B-B0532F401AE4}.Debug|Any CPU.ActiveCfg = Debug|Any CPU
		{A45407D2-3899-4F38-AB7B-B0532F401AE4}.Debug|Any CPU.Build.0 = Debug|Any CPU
		{A45407D2-3899-4F38-AB7B-B0532F401AE4}.Release|Any CPU.ActiveCfg = Release|Any CPU
		{A45407D2-3899-4F38-AB7B-B0532F401AE4}.Release|Any CPU.Build.0 = Release|Any CPU
		{A971CB1F-D0A6-4BE0-9850-1AE3F0A7D44B}.Debug|Any CPU.ActiveCfg = Debug|Any CPU
		{A971CB1F-D0A6-4BE0-9850-1AE3F0A7D44B}.Debug|Any CPU.Build.0 = Debug|Any CPU
		{A971CB1F-D0A6-4BE0-9850-1AE3F0A7D44B}.Release|Any CPU.ActiveCfg = Release|Any CPU
		{A971CB1F-D0A6-4BE0-9850-1AE3F0A7D44B}.Release|Any CPU.Build.0 = Release|Any CPU
		{A2BC455D-1070-41A9-B408-21F7F08BECB5}.Debug|Any CPU.ActiveCfg = Debug|Any CPU
		{A2BC455D-1070-41A9-B408-21F7F08BECB5}.Debug|Any CPU.Build.0 = Debug|Any CPU
		{A2BC455D-1070-41A9-B408-21F7F08BECB5}.Release|Any CPU.ActiveCfg = Release|Any CPU
		{A2BC455D-1070-41A9-B408-21F7F08BECB5}.Release|Any CPU.Build.0 = Release|Any CPU
	EndGlobalSection
	GlobalSection(NestedProjects) = preSolution
		{34CD2286-8C5D-4846-9B4D-5A65AE62BD3C} = {6DB137C0-D352-4AA3-8F48-D54A5BBC39B2}
		{7A252E05-ECFF-48CA-B566-2376B7ECFDE9} = {6DB137C0-D352-4AA3-8F48-D54A5BBC39B2}
		{A45407D2-3899-4F38-AB7B-B0532F401AE4} = {6DB137C0-D352-4AA3-8F48-D54A5BBC39B2}
		{A971CB1F-D0A6-4BE0-9850-1AE3F0A7D44B} = {6DB137C0-D352-4AA3-8F48-D54A5BBC39B2}
		{A2BC455D-1070-41A9-B408-21F7F08BECB5} = {6DB137C0-D352-4AA3-8F48-D54A5BBC39B2}
	EndGlobalSection
EndGlobal
